
Microsoft Visual Studio Solution File, Format Version 12.00
# Visual Studio Version 17
VisualStudioVersion = 17.9.34728.123
MinimumVisualStudioVersion = 10.0.40219.1
Project("{FAE04EC0-301F-11D3-BF4B-00C04F79EFBC}") = "Logs", "Logs\Logs.csproj", "{FC8DAA5A-808A-42B6-AF86-D0B8D62F85BC}"
EndProject
Project("{FAE04EC0-301F-11D3-BF4B-00C04F79EFBC}") = "Logs.Core", "Logs.Core\Logs.Core.csproj", "{B8872485-245C-4C6D-8EEA-1F098B84C4A7}"
EndProject
Project("{FAE04EC0-301F-11D3-BF4B-00C04F79EFBC}") = "Logs.Infrastructure", "Logs.Infrastructure\Logs.Infrastructure.csproj", "{8639867E-B95E-4D1A-B817-94850E9004FF}"
EndProject
Global
	GlobalSection(SolutionConfigurationPlatforms) = preSolution
		Debug|Any CPU = Debug|Any CPU
		Release|Any CPU = Release|Any CPU
	EndGlobalSection
	GlobalSection(ProjectConfigurationPlatforms) = postSolution
		{FC8DAA5A-808A-42B6-AF86-D0B8D62F85BC}.Debug|Any CPU.ActiveCfg = Debug|Any CPU
		{FC8DAA5A-808A-42B6-AF86-D0B8D62F85BC}.Debug|Any CPU.Build.0 = Debug|Any CPU
		{FC8DAA5A-808A-42B6-AF86-D0B8D62F85BC}.Release|Any CPU.ActiveCfg = Release|Any CPU
		{FC8DAA5A-808A-42B6-AF86-D0B8D62F85BC}.Release|Any CPU.Build.0 = Release|Any CPU
		{B8872485-245C-4C6D-8EEA-1F098B84C4A7}.Debug|Any CPU.ActiveCfg = Debug|Any CPU
		{B8872485-245C-4C6D-8EEA-1F098B84C4A7}.Debug|Any CPU.Build.0 = Debug|Any CPU
		{B8872485-245C-4C6D-8EEA-1F098B84C4A7}.Release|Any CPU.ActiveCfg = Release|Any CPU
		{B8872485-245C-4C6D-8EEA-1F098B84C4A7}.Release|Any CPU.Build.0 = Release|Any CPU
		{8639867E-B95E-4D1A-B817-94850E9004FF}.Debug|Any CPU.ActiveCfg = Debug|Any CPU
		{8639867E-B95E-4D1A-B817-94850E9004FF}.Debug|Any CPU.Build.0 = Debug|Any CPU
		{8639867E-B95E-4D1A-B817-94850E9004FF}.Release|Any CPU.ActiveCfg = Release|Any CPU
		{8639867E-B95E-4D1A-B817-94850E9004FF}.Release|Any CPU.Build.0 = Release|Any CPU
	EndGlobalSection
	GlobalSection(SolutionProperties) = preSolution
		HideSolutionNode = FALSE
	EndGlobalSection
	GlobalSection(ExtensibilityGlobals) = postSolution
		SolutionGuid = {1AC7D769-BC86-4C7B-842C-1E997FDD15B2}
	EndGlobalSection
EndGlobal
